dependencies:
- name: tyk-gateway
  repository: file://components/tyk-gateway
  version: 5.0.0
- name: tyk-pump
  repository: file://components/tyk-pump
  version: 5.0.0
- name: tyk-operator
  repository: file://components/tyk-operator
  version: 1.2.1
digest: sha256:f3ac71d1f2ed383af74eea129d0877188ec5476d3cec71561e34c7cff5e51d5c
generated: "2026-01-26T09:48:56.884582+07:00"
