dependencies:
- name: tyk-gateway
  repository: file://./charts/tyk-gateway
  version: 5.0.0
- name: tyk-pump
  repository: file://./charts/tyk-pump
  version: 5.0.0
- name: tyk-operator
  repository: file://./charts/tyk-operator
  version: 1.2.1
digest: sha256:d2105948c1eff00c6c80f2d0ca8590f6ec29107497f6b933ae4e4dce9fcf14e4
generated: "2026-03-06T15:51:12.06722+07:00"
